PODS:
  - ChameleonFramework (2.1.0):
    - ChameleonFramework/Default (= 2.1.0)
  - ChameleonFramework/Default (2.1.0)
  - DZNEmptyDataSet (1.8.1)
  - JVFloatLabeledTextField (1.1.0)
  - MCTReachability (1.0.0)
  - RNGridMenu (0.1.3)
  - TapkuLibrary (0.3.8)

DEPENDENCIES:
  - ChameleonFramework
  - DZNEmptyDataSet
  - JVFloatLabeledTextField
  - MCTReachability
  - RNGridMenu
  - TapkuLibrary

SPEC CHECKSUMS:
  ChameleonFramework: d21a3cc247abfe5e37609a283a8238b03575cf64
  DZNEmptyDataSet: 9525833b9e68ac21c30253e1d3d7076cc828eaa7
  JVFloatLabeledTextField: ea4a3d8387ddd43724c472bb2b8ab39b79af05d4
  MCTReachability: 72b106b23826164280b6e03bc8cbd8eec47aa3df
  RNGridMenu: c58db81f87b5473936bb1b675dc3e947c409b51d
  TapkuLibrary: 7a406dac46eff8595e191557eba88959f97f69b7

PODFILE CHECKSUM: 8a8cb664244516d4090c161517c6e7da467ee0bf

COCOAPODS: 1.0.0
