// !$*UTF8*$!
{
	archiveVersion = 1;
	classes = {
	};
	objectVersion = 48;
	objects = {

/* Begin PBXBuildFile section */
		6014239C1CD098FF0089E278 /* Appointment.xcdatamodel in Sources */ = {isa = PBXBuildFile; fileRef = 601423811CD098FF0089E278 /* Appointment.xcdatamodel */; };
		6014239E1CD098FF0089E278 /* AppointmentInputViewController.m in Sources */ = {isa = PBXBuildFile; fileRef = 601423851CD098FF0089E278 /* AppointmentInputViewController.m */; };
		601423A01CD098FF0089E278 /* AppointmentsViewController.m in Sources */ = {isa = PBXBuildFile; fileRef = 601423881CD098FF0089E278 /* AppointmentsViewController.m */; };
		601423A31CD098FF0089E278 /* Appointment.m in Sources */ = {isa = PBXBuildFile; fileRef = 6014238D1CD098FF0089E278 /* Appointment.m */; };
		601423A61CD098FF0089E278 /* AppointmentStore.m in Sources */ = {isa = PBXBuildFile; fileRef = 601423921CD098FF0089E278 /* AppointmentStore.m */; };
		601423A81CD098FF0089E278 /* Launch Screen.storyboard in Resources */ = {isa = PBXBuildFile; fileRef = 601423941CD098FF0089E278 /* Launch Screen.storyboard */; };
		60152007253935EE004894B5 /* SettingsViewController.swift in Sources */ = {isa = PBXBuildFile; fileRef = 60152006253935EE004894B5 /* SettingsViewController.swift */; };
		6015200C25393D30004894B5 /* AppointmentDetailViewController.swift in Sources */ = {isa = PBXBuildFile; fileRef = 6015200B25393D30004894B5 /* AppointmentDetailViewController.swift */; };
		601520152539DD2A004894B5 /* InputTextField.swift in Sources */ = {isa = PBXBuildFile; fileRef = 601520142539DD2A004894B5 /* InputTextField.swift */; };
		60152018253A63E2004894B5 /* MapViewController.swift in Sources */ = {isa = PBXBuildFile; fileRef = 60152017253A63E2004894B5 /* MapViewController.swift */; };
		605703352537EC3500AA7BF6 /* AppointmentTableViewCell.swift in Sources */ = {isa = PBXBuildFile; fileRef = 605703342537EC3500AA7BF6 /* AppointmentTableViewCell.swift */; };
		605703452538B3C800AA7BF6 /* AppointmentDetailTableViewCell.swift in Sources */ = {isa = PBXBuildFile; fileRef = 605703442538B3C800AA7BF6 /* AppointmentDetailTableViewCell.swift */; };
		605A55A62537B6DF002B29D3 /* SceneDelegate.swift in Sources */ = {isa = PBXBuildFile; fileRef = 605A55A42537B6DF002B29D3 /* SceneDelegate.swift */; };
		605A55D12537B742002B29D3 /* AppDelegate.swift in Sources */ = {isa = PBXBuildFile; fileRef = 605A55D02537B742002B29D3 /* AppDelegate.swift */; };
		605F92C61CCC142B00F4FC1C /* Images.xcassets in Resources */ = {isa = PBXBuildFile; fileRef = 605F92C51CCC142B00F4FC1C /* Images.xcassets */; };
		BE0E4EB3143262F700F05B13 /* CoreData.framework in Frameworks */ = {isa = PBXBuildFile; fileRef = BE0E4EB2143262F700F05B13 /* CoreData.framework */; };
		BE4E18E8140D9EB80007F01B /* UIKit.framework in Frameworks */ = {isa = PBXBuildFile; fileRef = BE4E18E7140D9EB80007F01B /* UIKit.framework */; };
		BE4E18EA140D9EB80007F01B /* Foundation.framework in Frameworks */ = {isa = PBXBuildFile; fileRef = BE4E18E9140D9EB80007F01B /* Foundation.framework */; };
		CA0F3E9C17E25B0D003FE3BE /* SystemConfiguration.framework in Frameworks */ = {isa = PBXBuildFile; fileRef = CA0F3E9B17E25B0D003FE3BE /* SystemConfiguration.framework */; };
		CA0F3EA017E25B22003FE3BE /* CFNetwork.framework in Frameworks */ = {isa = PBXBuildFile; fileRef = CA0F3E9F17E25B22003FE3BE /* CFNetwork.framework */; };
		CA0F3EA217E25B30003FE3BE /* Security.framework in Frameworks */ = {isa = PBXBuildFile; fileRef = CA0F3EA117E25B30003FE3BE /* Security.framework */; };
		CA0F3EA417E25B3C003FE3BE /* AudioToolbox.framework in Frameworks */ = {isa = PBXBuildFile; fileRef = CA0F3EA317E25B3C003FE3BE /* AudioToolbox.framework */; };
		CA4257CB1EEF230900927D4B /* ContactHandler.m in Sources */ = {isa = PBXBuildFile; fileRef = CA4257CA1EEF230900927D4B /* ContactHandler.m */; };
		CA4257CE1EEF29C200927D4B /* CalendarEventHandler.m in Sources */ = {isa = PBXBuildFile; fileRef = CA4257CD1EEF29C200927D4B /* CalendarEventHandler.m */; };
		CA71FDCA17DD25F000E1BFB0 /* CoreGraphics.framework in Frameworks */ = {isa = PBXBuildFile; fileRef = CA71FDC917DD25F000E1BFB0 /* CoreGraphics.framework */; };
		CA9CCD1017DE3FDF00F1BF90 /* MessageUI.framework in Frameworks */ = {isa = PBXBuildFile; fileRef = CA9CCD0F17DE3FDF00F1BF90 /* MessageUI.framework */; };
		CAD8426817D42EDC00A584E9 /* CoreLocation.framework in Frameworks */ = {isa = PBXBuildFile; fileRef = CAD8426717D42EDC00A584E9 /* CoreLocation.framework */; };
		CAD8426A17D42EE100A584E9 /* MapKit.framework in Frameworks */ = {isa = PBXBuildFile; fileRef = CAD8426917D42EE100A584E9 /* MapKit.framework */; };
		CADF935C17D4147C00DEE67D /* QuartzCore.framework in Frameworks */ = {isa = PBXBuildFile; fileRef = CADF935B17D4147B00DEE67D /* QuartzCore.framework */; };
/* End PBXBuildFile section */

/* Begin PBXFileReference section */
		5941E395F53C4C37110ED0EA /* Pods.framework */ = {isa = PBXFileReference; explicitFileType = wrapper.framework; includeInIndex = 0; path = Pods.framework; sourceTree = BUILT_PRODUCTS_DIR; };
		601423801CD098FF0089E278 /* Appointment-Prefix.pch */ = {isa = PBXFileReference; fileEncoding = 4; lastKnownFileType = sourcecode.c.h; path = "Appointment-Prefix.pch"; sourceTree = "<group>"; };
		601423811CD098FF0089E278 /* Appointment.xcdatamodel */ = {isa = PBXFileReference; lastKnownFileType = wrapper.xcdatamodel; path = Appointment.xcdatamodel; sourceTree = "<group>"; };
		601423841CD098FF0089E278 /* AppointmentInputViewController.h */ = {isa = PBXFileReference; fileEncoding = 4; lastKnownFileType = sourcecode.c.h; path = AppointmentInputViewController.h; sourceTree = "<group>"; };
		601423851CD098FF0089E278 /* AppointmentInputViewController.m */ = {isa = PBXFileReference; fileEncoding = 4; lastKnownFileType = sourcecode.c.objc; path = AppointmentInputViewController.m; sourceTree = "<group>"; };
		601423871CD098FF0089E278 /* AppointmentsViewController.h */ = {isa = PBXFileReference; fileEncoding = 4; lastKnownFileType = sourcecode.c.h; path = AppointmentsViewController.h; sourceTree = "<group>"; };
		601423881CD098FF0089E278 /* AppointmentsViewController.m */ = {isa = PBXFileReference; fileEncoding = 4; lastKnownFileType = sourcecode.c.objc; lineEnding = 0; path = AppointmentsViewController.m; sourceTree = "<group>"; xcLanguageSpecificationIdentifier = xcode.lang.objc; };
		6014238C1CD098FF0089E278 /* Appointment.h */ = {isa = PBXFileReference; fileEncoding = 4; lastKnownFileType = sourcecode.c.h; path = Appointment.h; sourceTree = "<group>"; };
		6014238D1CD098FF0089E278 /* Appointment.m */ = {isa = PBXFileReference; fileEncoding = 4; lastKnownFileType = sourcecode.c.objc; path = Appointment.m; sourceTree = "<group>"; };
		601423911CD098FF0089E278 /* AppointmentStore.h */ = {isa = PBXFileReference; fileEncoding = 4; lastKnownFileType = sourcecode.c.h; lineEnding = 0; path = AppointmentStore.h; sourceTree = "<group>"; xcLanguageSpecificationIdentifier = xcode.lang.objcpp; };
		601423921CD098FF0089E278 /* AppointmentStore.m */ = {isa = PBXFileReference; fileEncoding = 4; lastKnownFileType = sourcecode.c.objc; lineEnding = 0; path = AppointmentStore.m; sourceTree = "<group>"; xcLanguageSpecificationIdentifier = xcode.lang.objc; };
		601423931CD098FF0089E278 /* Info.plist */ = {isa = PBXFileReference; fileEncoding = 4; lastKnownFileType = text.plist.xml; path = Info.plist; sourceTree = "<group>"; };
		601423941CD098FF0089E278 /* Launch Screen.storyboard */ = {isa = PBXFileReference; fileEncoding = 4; lastKnownFileType = file.storyboard; path = "Launch Screen.storyboard"; sourceTree = "<group>"; };
		60152006253935EE004894B5 /* SettingsViewController.swift */ = {isa = PBXFileReference; lastKnownFileType = sourcecode.swift; path = SettingsViewController.swift; sourceTree = "<group>"; };
		6015200B25393D30004894B5 /* AppointmentDetailViewController.swift */ = {isa = PBXFileReference; lastKnownFileType = sourcecode.swift; path = AppointmentDetailViewController.swift; sourceTree = "<group>"; };
		601520142539DD2A004894B5 /* InputTextField.swift */ = {isa = PBXFileReference; lastKnownFileType = sourcecode.swift; path = InputTextField.swift; sourceTree = "<group>"; };
		60152017253A63E2004894B5 /* MapViewController.swift */ = {isa = PBXFileReference; lastKnownFileType = sourcecode.swift; path = MapViewController.swift; sourceTree = "<group>"; };
		605703342537EC3500AA7BF6 /* AppointmentTableViewCell.swift */ = {isa = PBXFileReference; lastKnownFileType = sourcecode.swift; path = AppointmentTableViewCell.swift; sourceTree = "<group>"; };
		605703442538B3C800AA7BF6 /* AppointmentDetailTableViewCell.swift */ = {isa = PBXFileReference; lastKnownFileType = sourcecode.swift; path = AppointmentDetailTableViewCell.swift; sourceTree = "<group>"; };
		605A55552537B682002B29D3 /* Appointment-Bridging-Header.h */ = {isa = PBXFileReference; lastKnownFileType = sourcecode.c.h; path = "Appointment-Bridging-Header.h"; sourceTree = "<group>"; };
		605A55A42537B6DF002B29D3 /* SceneDelegate.swift */ = {isa = PBXFileReference; fileEncoding = 4; lastKnownFileType = sourcecode.swift; path = SceneDelegate.swift; sourceTree = "<group>"; };
		605A55D02537B742002B29D3 /* AppDelegate.swift */ = {isa = PBXFileReference; fileEncoding = 4; lastKnownFileType = sourcecode.swift; path = AppDelegate.swift; sourceTree = "<group>"; };
		605F92C51CCC142B00F4FC1C /* Images.xcassets */ = {isa = PBXFileReference; lastKnownFileType = folder.assetcatalog; path = Images.xcassets; sourceTree = "<group>"; };
		8AF2E19F1F6F5F9C00E068B2 /* Macros.h */ = {isa = PBXFileReference; lastKnownFileType = sourcecode.c.h; path = Macros.h; sourceTree = "<group>"; };
		BE0E4EB2143262F700F05B13 /* CoreData.framework */ = {isa = PBXFileReference; lastKnownFileType = wrapper.framework; name = CoreData.framework; path = System/Library/Frameworks/CoreData.framework; sourceTree = SDKROOT; };
		BE4E18E3140D9EB80007F01B /* Appointment.app */ = {isa = PBXFileReference; explicitFileType = wrapper.application; includeInIndex = 0; path = Appointment.app; sourceTree = BUILT_PRODUCTS_DIR; };
		BE4E18E7140D9EB80007F01B /* UIKit.framework */ = {isa = PBXFileReference; lastKnownFileType = wrapper.framework; name = UIKit.framework; path = System/Library/Frameworks/UIKit.framework; sourceTree = SDKROOT; };
		BE4E18E9140D9EB80007F01B /* Foundation.framework */ = {isa = PBXFileReference; lastKnownFileType = wrapper.framework; name = Foundation.framework; path = System/Library/Frameworks/Foundation.framework; sourceTree = SDKROOT; };
		CA0F3E9B17E25B0D003FE3BE /* SystemConfiguration.framework */ = {isa = PBXFileReference; lastKnownFileType = wrapper.framework; name = SystemConfiguration.framework; path = System/Library/Frameworks/SystemConfiguration.framework; sourceTree = SDKROOT; };
		CA0F3E9F17E25B22003FE3BE /* CFNetwork.framework */ = {isa = PBXFileReference; lastKnownFileType = wrapper.framework; name = CFNetwork.framework; path = System/Library/Frameworks/CFNetwork.framework; sourceTree = SDKROOT; };
		CA0F3EA117E25B30003FE3BE /* Security.framework */ = {isa = PBXFileReference; lastKnownFileType = wrapper.framework; name = Security.framework; path = System/Library/Frameworks/Security.framework; sourceTree = SDKROOT; };
		CA0F3EA317E25B3C003FE3BE /* AudioToolbox.framework */ = {isa = PBXFileReference; lastKnownFileType = wrapper.framework; name = AudioToolbox.framework; path = System/Library/Frameworks/AudioToolbox.framework; sourceTree = SDKROOT; };
		CA4257C91EEF230900927D4B /* ContactHandler.h */ = {isa = PBXFileReference; fileEncoding = 4; lastKnownFileType = sourcecode.c.h; path = ContactHandler.h; sourceTree = "<group>"; };
		CA4257CA1EEF230900927D4B /* ContactHandler.m */ = {isa = PBXFileReference; fileEncoding = 4; lastKnownFileType = sourcecode.c.objc; path = ContactHandler.m; sourceTree = "<group>"; };
		CA4257CC1EEF29C200927D4B /* CalendarEventHandler.h */ = {isa = PBXFileReference; fileEncoding = 4; lastKnownFileType = sourcecode.c.h; path = CalendarEventHandler.h; sourceTree = "<group>"; };
		CA4257CD1EEF29C200927D4B /* CalendarEventHandler.m */ = {isa = PBXFileReference; fileEncoding = 4; lastKnownFileType = sourcecode.c.objc; path = CalendarEventHandler.m; sourceTree = "<group>"; };
		CA71FDC917DD25F000E1BFB0 /* CoreGraphics.framework */ = {isa = PBXFileReference; lastKnownFileType = wrapper.framework; name = CoreGraphics.framework; path = System/Library/Frameworks/CoreGraphics.framework; sourceTree = SDKROOT; };
		CA9CCD0F17DE3FDF00F1BF90 /* MessageUI.framework */ = {isa = PBXFileReference; lastKnownFileType = wrapper.framework; name = MessageUI.framework; path = System/Library/Frameworks/MessageUI.framework; sourceTree = SDKROOT; };
		CAD8426717D42EDC00A584E9 /* CoreLocation.framework */ = {isa = PBXFileReference; lastKnownFileType = wrapper.framework; name = CoreLocation.framework; path = System/Library/Frameworks/CoreLocation.framework; sourceTree = SDKROOT; };
		CAD8426917D42EE100A584E9 /* MapKit.framework */ = {isa = PBXFileReference; lastKnownFileType = wrapper.framework; name = MapKit.framework; path = System/Library/Frameworks/MapKit.framework; sourceTree = SDKROOT; };
		CADF935B17D4147B00DEE67D /* QuartzCore.framework */ = {isa = PBXFileReference; lastKnownFileType = wrapper.framework; name = QuartzCore.framework; path = System/Library/Frameworks/QuartzCore.framework; sourceTree = SDKROOT; };
/* End PBXFileReference section */

/* Begin PBXFrameworksBuildPhase section */
		BE4E18E0140D9EB80007F01B /* Frameworks */ = {
			isa = PBXFrameworksBuildPhase;
			buildActionMask = 2147483647;
			files = (
				CA0F3EA417E25B3C003FE3BE /* AudioToolbox.framework in Frameworks */,
				CA0F3EA217E25B30003FE3BE /* Security.framework in Frameworks */,
				CA0F3EA017E25B22003FE3BE /* CFNetwork.framework in Frameworks */,
				CA0F3E9C17E25B0D003FE3BE /* SystemConfiguration.framework in Frameworks */,
				CA9CCD1017DE3FDF00F1BF90 /* MessageUI.framework in Frameworks */,
				CA71FDCA17DD25F000E1BFB0 /* CoreGraphics.framework in Frameworks */,
				BE4E18EA140D9EB80007F01B /* Foundation.framework in Frameworks */,
				CADF935C17D4147C00DEE67D /* QuartzCore.framework in Frameworks */,
				CAD8426A17D42EE100A584E9 /* MapKit.framework in Frameworks */,
				CAD8426817D42EDC00A584E9 /* CoreLocation.framework in Frameworks */,
				BE0E4EB3143262F700F05B13 /* CoreData.framework in Frameworks */,
				BE4E18E8140D9EB80007F01B /* UIKit.framework in Frameworks */,
			);
			runOnlyForDeploymentPostprocessing = 0;
		};
/* End PBXFrameworksBuildPhase section */

/* Begin PBXGroup section */
		6014237F1CD098E70089E278 /* Assets */ = {
			isa = PBXGroup;
			children = (
				605F92C51CCC142B00F4FC1C /* Images.xcassets */,
			);
			name = Assets;
			sourceTree = "<group>";
		};
		601423AF1CD099270089E278 /* Supporting Files */ = {
			isa = PBXGroup;
			children = (
				601423801CD098FF0089E278 /* Appointment-Prefix.pch */,
				601423931CD098FF0089E278 /* Info.plist */,
			);
			name = "Supporting Files";
			sourceTree = "<group>";
		};
		8A5280951EEA1E94004C221B /* Models */ = {
			isa = PBXGroup;
			children = (
				6014238C1CD098FF0089E278 /* Appointment.h */,
				6014238D1CD098FF0089E278 /* Appointment.m */,
				601423911CD098FF0089E278 /* AppointmentStore.h */,
				601423921CD098FF0089E278 /* AppointmentStore.m */,
				601423811CD098FF0089E278 /* Appointment.xcdatamodel */,
			);
			name = Models;
			sourceTree = "<group>";
		};
		8A5280961EEA1E9D004C221B /* Views */ = {
			isa = PBXGroup;
			children = (
				605703342537EC3500AA7BF6 /* AppointmentTableViewCell.swift */,
				605703442538B3C800AA7BF6 /* AppointmentDetailTableViewCell.swift */,
				601423941CD098FF0089E278 /* Launch Screen.storyboard */,
				601520142539DD2A004894B5 /* InputTextField.swift */,
			);
			name = Views;
			sourceTree = "<group>";
		};
		8A5280971EEA1EA2004C221B /* Controllers */ = {
			isa = PBXGroup;
			children = (
				601423871CD098FF0089E278 /* AppointmentsViewController.h */,
				601423881CD098FF0089E278 /* AppointmentsViewController.m */,
				601423841CD098FF0089E278 /* AppointmentInputViewController.h */,
				601423851CD098FF0089E278 /* AppointmentInputViewController.m */,
				6015200B25393D30004894B5 /* AppointmentDetailViewController.swift */,
				60152006253935EE004894B5 /* SettingsViewController.swift */,
				60152017253A63E2004894B5 /* MapViewController.swift */,
			);
			name = Controllers;
			sourceTree = "<group>";
		};
		8AACE7A81EEDA88E00A05ED8 /* Utils */ = {
			isa = PBXGroup;
			children = (
				CA4257C91EEF230900927D4B /* ContactHandler.h */,
				CA4257CA1EEF230900927D4B /* ContactHandler.m */,
				CA4257CC1EEF29C200927D4B /* CalendarEventHandler.h */,
				CA4257CD1EEF29C200927D4B /* CalendarEventHandler.m */,
				8AF2E19F1F6F5F9C00E068B2 /* Macros.h */,
			);
			name = Utils;
			sourceTree = "<group>";
		};
		BE4E18D8140D9EB80007F01B = {
			isa = PBXGroup;
			children = (
				BE4E18EB140D9EB80007F01B /* Appointment */,
				BE4E18E6140D9EB80007F01B /* Frameworks */,
				BE4E18E4140D9EB80007F01B /* Products */,
			);
			sourceTree = "<group>";
		};
		BE4E18E4140D9EB80007F01B /* Products */ = {
			isa = PBXGroup;
			children = (
				BE4E18E3140D9EB80007F01B /* Appointment.app */,
			);
			name = Products;
			sourceTree = "<group>";
		};
		BE4E18E6140D9EB80007F01B /* Frameworks */ = {
			isa = PBXGroup;
			children = (
				CA0F3EA317E25B3C003FE3BE /* AudioToolbox.framework */,
				CA0F3E9F17E25B22003FE3BE /* CFNetwork.framework */,
				BE0E4EB2143262F700F05B13 /* CoreData.framework */,
				CA71FDC917DD25F000E1BFB0 /* CoreGraphics.framework */,
				CAD8426717D42EDC00A584E9 /* CoreLocation.framework */,
				BE4E18E9140D9EB80007F01B /* Foundation.framework */,
				CAD8426917D42EE100A584E9 /* MapKit.framework */,
				CA9CCD0F17DE3FDF00F1BF90 /* MessageUI.framework */,
				CADF935B17D4147B00DEE67D /* QuartzCore.framework */,
				CA0F3EA117E25B30003FE3BE /* Security.framework */,
				CA0F3E9B17E25B0D003FE3BE /* SystemConfiguration.framework */,
				BE4E18E7140D9EB80007F01B /* UIKit.framework */,
				5941E395F53C4C37110ED0EA /* Pods.framework */,
			);
			name = Frameworks;
			sourceTree = "<group>";
		};
		BE4E18EB140D9EB80007F01B /* Appointment */ = {
			isa = PBXGroup;
			children = (
				8A5280951EEA1E94004C221B /* Models */,
				8A5280961EEA1E9D004C221B /* Views */,
				8A5280971EEA1EA2004C221B /* Controllers */,
				8AACE7A81EEDA88E00A05ED8 /* Utils */,
				6014237F1CD098E70089E278 /* Assets */,
				601423AF1CD099270089E278 /* Supporting Files */,
				605A55D02537B742002B29D3 /* AppDelegate.swift */,
				605A55A42537B6DF002B29D3 /* SceneDelegate.swift */,
				605A55552537B682002B29D3 /* Appointment-Bridging-Header.h */,
			);
			path = Appointment;
			sourceTree = "<group>";
		};
/* End PBXGroup section */

/* Begin PBXNativeTarget section */
		BE4E18E2140D9EB80007F01B /* Appointment */ = {
			isa = PBXNativeTarget;
			buildConfigurationList = BE4E18F9140D9EB80007F01B /* Build configuration list for PBXNativeTarget "Appointment" */;
			buildPhases = (
				BE4E18DF140D9EB80007F01B /* Sources */,
				BE4E18E0140D9EB80007F01B /* Frameworks */,
				BE4E18E1140D9EB80007F01B /* Resources */,
				6015200F253950EB004894B5 /* Swiftlint */,
			);
			buildRules = (
			);
			dependencies = (
			);
			name = Appointment;
			productName = Appointment;
			productReference = BE4E18E3140D9EB80007F01B /* Appointment.app */;
			productType = "com.apple.product-type.application";
		};
/* End PBXNativeTarget section */

/* Begin PBXProject section */
		BE4E18DA140D9EB80007F01B /* Project object */ = {
			isa = PBXProject;
			attributes = {
				CLASSPREFIX = "";
				LastUpgradeCheck = 1220;
				ORGANIZATIONNAME = "Jeff Moran";
				TargetAttributes = {
					BE4E18E2140D9EB80007F01B = {
						LastSwiftMigration = 1220;
						SystemCapabilities = {
							com.apple.InAppPurchase = {
								enabled = 0;
							};
						};
					};
				};
			};
			buildConfigurationList = BE4E18DD140D9EB80007F01B /* Build configuration list for PBXProject "Appointment" */;
			compatibilityVersion = "Xcode 8.0";
			developmentRegion = English;
			hasScannedForEncodings = 0;
			knownRegions = (
				English,
				en,
			);
			mainGroup = BE4E18D8140D9EB80007F01B;
			productRefGroup = BE4E18E4140D9EB80007F01B /* Products */;
			projectDirPath = "";
			projectRoot = "";
			targets = (
				BE4E18E2140D9EB80007F01B /* Appointment */,
			);
		};
/* End PBXProject section */

/* Begin PBXResourcesBuildPhase section */
		BE4E18E1140D9EB80007F01B /* Resources */ = {
			isa = PBXResourcesBuildPhase;
			buildActionMask = 2147483647;
			files = (
				601423A81CD098FF0089E278 /* Launch Screen.storyboard in Resources */,
				605F92C61CCC142B00F4FC1C /* Images.xcassets in Resources */,
			);
			runOnlyForDeploymentPostprocessing = 0;
		};
/* End PBXResourcesBuildPhase section */

/* Begin PBXShellScriptBuildPhase section */
		6015200F253950EB004894B5 /* Swiftlint */ = {
			isa = PBXShellScriptBuildPhase;
			buildActionMask = 2147483647;
			files = (
			);
			inputFileListPaths = (
			);
			inputPaths = (
			);
			name = Swiftlint;
			outputFileListPaths = (
			);
			outputPaths = (
			);
			runOnlyForDeploymentPostprocessing = 0;
			shellPath = /bin/sh;
			shellScript = "if which swiftlint >/dev/null; then\n  swiftlint\nelse\n  echo \"warning: SwiftLint not installed, download from https://github.com/realm/SwiftLint\"\nfi\n";
		};
/* End PBXShellScriptBuildPhase section */

/* Begin PBXSourcesBuildPhase section */
		BE4E18DF140D9EB80007F01B /* Sources */ = {
			isa = PBXSourcesBuildPhase;
			buildActionMask = 2147483647;
			files = (
				CA4257CB1EEF230900927D4B /* ContactHandler.m in Sources */,
				6015200C25393D30004894B5 /* AppointmentDetailViewController.swift in Sources */,
				605703452538B3C800AA7BF6 /* AppointmentDetailTableViewCell.swift in Sources */,
				601423A01CD098FF0089E278 /* AppointmentsViewController.m in Sources */,
				6014239E1CD098FF0089E278 /* AppointmentInputViewController.m in Sources */,
				601423A61CD098FF0089E278 /* AppointmentStore.m in Sources */,
				60152007253935EE004894B5 /* SettingsViewController.swift in Sources */,
				601423A31CD098FF0089E278 /* Appointment.m in Sources */,
				6014239C1CD098FF0089E278 /* Appointment.xcdatamodel in Sources */,
				605A55A62537B6DF002B29D3 /* SceneDelegate.swift in Sources */,
				601520152539DD2A004894B5 /* InputTextField.swift in Sources */,
				605703352537EC3500AA7BF6 /* AppointmentTableViewCell.swift in Sources */,
				CA4257CE1EEF29C200927D4B /* CalendarEventHandler.m in Sources */,
				605A55D12537B742002B29D3 /* AppDelegate.swift in Sources */,
				60152018253A63E2004894B5 /* MapViewController.swift in Sources */,
			);
			runOnlyForDeploymentPostprocessing = 0;
		};
/* End PBXSourcesBuildPhase section */

/* Begin XCBuildConfiguration section */
		BE4E18F7140D9EB80007F01B /* Debug */ = {
			isa = XCBuildConfiguration;
			buildSettings = {
				ALWAYS_SEARCH_USER_PATHS = NO;
				CLANG_ANALYZER_LOCALIZABILITY_NONLOCALIZED = YES;
				CLANG_ENABLE_OBJC_ARC = YES;
				CLANG_WARN_BLOCK_CAPTURE_AUTORELEASING = YES;
				CLANG_WARN_BOOL_CONVERSION = YES;
				CLANG_WARN_COMMA = YES;
				CLANG_WARN_CONSTANT_CONVERSION = YES;
				CLANG_WARN_DEPRECATED_OBJC_IMPLEMENTATIONS = YES;
				CLANG_WARN_EMPTY_BODY = YES;
				CLANG_WARN_ENUM_CONVERSION = YES;
				CLANG_WARN_INFINITE_RECURSION = YES;
				CLANG_WARN_INT_CONVERSION = YES;
				CLANG_WARN_NON_LITERAL_NULL_CONVERSION = YES;
				CLANG_WARN_OBJC_IMPLICIT_RETAIN_SELF = YES;
				CLANG_WARN_OBJC_LITERAL_CONVERSION = YES;
				CLANG_WARN_QUOTED_INCLUDE_IN_FRAMEWORK_HEADER = YES;
				CLANG_WARN_RANGE_LOOP_ANALYSIS = YES;
				CLANG_WARN_STRICT_PROTOTYPES = YES;
				CLANG_WARN_SUSPICIOUS_MOVE = YES;
				CLANG_WARN_UNREACHABLE_CODE = YES;
				CLANG_WARN__DUPLICATE_METHOD_MATCH = YES;
				"CODE_SIGN_IDENTITY[sdk=iphoneos*]" = "iPhone Developer";
				COPY_PHASE_STRIP = NO;
				ENABLE_STRICT_OBJC_MSGSEND = YES;
				ENABLE_TESTABILITY = YES;
				GCC_C_LANGUAGE_STANDARD = gnu99;
				GCC_DYNAMIC_NO_PIC = NO;
				GCC_NO_COMMON_BLOCKS = YES;
				GCC_OPTIMIZATION_LEVEL = 0;
				GCC_PREPROCESSOR_DEFINITIONS = (
					"DEBUG=1",
					"$(inherited)",
				);
				GCC_SYMBOLS_PRIVATE_EXTERN = NO;
				GCC_VERSION = com.apple.compilers.llvm.clang.1_0;
				GCC_WARN_64_TO_32_BIT_CONVERSION = YES;
				GCC_WARN_ABOUT_MISSING_PROTOTYPES = YES;
				GCC_WARN_ABOUT_RETURN_TYPE = YES;
				GCC_WARN_UNDECLARED_SELECTOR = YES;
				GCC_WARN_UNINITIALIZED_AUTOS = YES;
				GCC_WARN_UNUSED_FUNCTION = YES;
				GCC_WARN_UNUSED_VARIABLE = YES;
				IPHONEOS_DEPLOYMENT_TARGET = 14.0;
				ONLY_ACTIVE_ARCH = YES;
				SDKROOT = iphoneos;
			};
			name = Debug;
		};
		BE4E18F8140D9EB80007F01B /* Release */ = {
			isa = XCBuildConfiguration;
			buildSettings = {
				ALWAYS_SEARCH_USER_PATHS = NO;
				CLANG_ANALYZER_LOCALIZABILITY_NONLOCALIZED = YES;
				CLANG_ENABLE_OBJC_ARC = YES;
				CLANG_WARN_BLOCK_CAPTURE_AUTORELEASING = YES;
				CLANG_WARN_BOOL_CONVERSION = YES;
				CLANG_WARN_COMMA = YES;
				CLANG_WARN_CONSTANT_CONVERSION = YES;
				CLANG_WARN_DEPRECATED_OBJC_IMPLEMENTATIONS = YES;
				CLANG_WARN_EMPTY_BODY = YES;
				CLANG_WARN_ENUM_CONVERSION = YES;
				CLANG_WARN_INFINITE_RECURSION = YES;
				CLANG_WARN_INT_CONVERSION = YES;
				CLANG_WARN_NON_LITERAL_NULL_CONVERSION = YES;
				CLANG_WARN_OBJC_IMPLICIT_RETAIN_SELF = YES;
				CLANG_WARN_OBJC_LITERAL_CONVERSION = YES;
				CLANG_WARN_QUOTED_INCLUDE_IN_FRAMEWORK_HEADER = YES;
				CLANG_WARN_RANGE_LOOP_ANALYSIS = YES;
				CLANG_WARN_STRICT_PROTOTYPES = YES;
				CLANG_WARN_SUSPICIOUS_MOVE = YES;
				CLANG_WARN_UNREACHABLE_CODE = YES;
				CLANG_WARN__DUPLICATE_METHOD_MATCH = YES;
				"CODE_SIGN_IDENTITY[sdk=iphoneos*]" = "iPhone Developer";
				COPY_PHASE_STRIP = YES;
				ENABLE_STRICT_OBJC_MSGSEND = YES;
				GCC_C_LANGUAGE_STANDARD = gnu99;
				GCC_NO_COMMON_BLOCKS = YES;
				GCC_VERSION = com.apple.compilers.llvm.clang.1_0;
				GCC_WARN_64_TO_32_BIT_CONVERSION = YES;
				GCC_WARN_ABOUT_MISSING_PROTOTYPES = YES;
				GCC_WARN_ABOUT_RETURN_TYPE = YES;
				GCC_WARN_UNDECLARED_SELECTOR = YES;
				GCC_WARN_UNINITIALIZED_AUTOS = YES;
				GCC_WARN_UNUSED_FUNCTION = YES;
				GCC_WARN_UNUSED_VARIABLE = YES;
				IPHONEOS_DEPLOYMENT_TARGET = 14.0;
				OTHER_CFLAGS = "-DNS_BLOCK_ASSERTIONS=1";
				SDKROOT = iphoneos;
				VALIDATE_PRODUCT = YES;
			};
			name = Release;
		};
		BE4E18FA140D9EB80007F01B /* Debug */ = {
			isa = XCBuildConfiguration;
			buildSettings = {
				ALWAYS_SEARCH_USER_PATHS = NO;
				ASSETCATALOG_COMPILER_APPICON_NAME = AppIcon;
				CLANG_ENABLE_MODULES = YES;
				CODE_SIGN_IDENTITY = "iPhone Developer";
				"CODE_SIGN_IDENTITY[sdk=iphoneos*]" = "iPhone Developer";
				DEVELOPMENT_TEAM = TR5WFN5468;
				FRAMEWORK_SEARCH_PATHS = (
					"$(inherited)",
					"\"$(SRCROOT)\"",
				);
				GCC_PRECOMPILE_PREFIX_HEADER = YES;
				GCC_PREFIX_HEADER = "Appointment/Appointment-Prefix.pch";
				GCC_VERSION = "";
				HEADER_SEARCH_PATHS = (
					"$(inherited)",
					/usr/include/libxml2,
					"\"$(SRCROOT)\"",
				);
				INFOPLIST_FILE = Appointment/Info.plist;
				LD_RUNPATH_SEARCH_PATHS = "$(inherited) @executable_path/Frameworks";
				PRODUCT_BUNDLE_IDENTIFIER = com.jeffreymoran.Appointment;
				PRODUCT_NAME = Appointment;
				SDKROOT = iphoneos;
				SWIFT_OBJC_BRIDGING_HEADER = "Appointment/Appointment-Bridging-Header.h";
				SWIFT_OPTIMIZATION_LEVEL = "-Onone";
				SWIFT_VERSION = 5.0;
				TARGETED_DEVICE_FAMILY = 1;
				USER_HEADER_SEARCH_PATHS = "";
				WRAPPER_EXTENSION = app;
			};
			name = Debug;
		};
		BE4E18FB140D9EB80007F01B /* Release */ = {
			isa = XCBuildConfiguration;
			buildSettings = {
				ALWAYS_SEARCH_USER_PATHS = NO;
				ASSETCATALOG_COMPILER_APPICON_NAME = AppIcon;
				CLANG_ENABLE_MODULES = YES;
				CODE_SIGN_IDENTITY = "iPhone Developer";
				"CODE_SIGN_IDENTITY[sdk=iphoneos*]" = "iPhone Developer";
				DEVELOPMENT_TEAM = TR5WFN5468;
				FRAMEWORK_SEARCH_PATHS = (
					"$(inherited)",
					"\"$(SRCROOT)\"",
				);
				GCC_PRECOMPILE_PREFIX_HEADER = YES;
				GCC_PREFIX_HEADER = "Appointment/Appointment-Prefix.pch";
				GCC_VERSION = "";
				HEADER_SEARCH_PATHS = (
					"$(inherited)",
					/usr/include/libxml2,
					"\"$(SRCROOT)\"",
				);
				INFOPLIST_FILE = Appointment/Info.plist;
				LD_RUNPATH_SEARCH_PATHS = "$(inherited) @executable_path/Frameworks";
				PRODUCT_BUNDLE_IDENTIFIER = com.jeffreymoran.Appointment;
				PRODUCT_NAME = Appointment;
				SDKROOT = iphoneos;
				SWIFT_OBJC_BRIDGING_HEADER = "Appointment/Appointment-Bridging-Header.h";
				SWIFT_VERSION = 5.0;
				TARGETED_DEVICE_FAMILY = 1;
				USER_HEADER_SEARCH_PATHS = "";
				WRAPPER_EXTENSION = app;
			};
			name = Release;
		};
/* End XCBuildConfiguration section */

/* Begin XCConfigurationList section */
		BE4E18DD140D9EB80007F01B /* Build configuration list for PBXProject "Appointment" */ = {
			isa = XCConfigurationList;
			buildConfigurations = (
				BE4E18F7140D9EB80007F01B /* Debug */,
				BE4E18F8140D9EB80007F01B /* Release */,
			);
			defaultConfigurationIsVisible = 0;
			defaultConfigurationName = Release;
		};
		BE4E18F9140D9EB80007F01B /* Build configuration list for PBXNativeTarget "Appointment" */ = {
			isa = XCConfigurationList;
			buildConfigurations = (
				BE4E18FA140D9EB80007F01B /* Debug */,
				BE4E18FB140D9EB80007F01B /* Release */,
			);
			defaultConfigurationIsVisible = 0;
			defaultConfigurationName = Release;
		};
/* End XCConfigurationList section */
	};
	rootObject = BE4E18DA140D9EB80007F01B /* Project object */;
}
