// !$*UTF8*$!
{
	archiveVersion = 1;
	classes = {
	};
	objectVersion = 48;
	objects = {

/* Begin PBXBuildFile section */
		6014239C1CD098FF0089E278 /* Appointment.xcdatamodel in Sources */ = {isa = PBXBuildFile; fileRef = 601423811CD098FF0089E278 /* Appointment.xcdatamodel */; };
		601423A81CD098FF0089E278 /* Launch Screen.storyboard in Resources */ = {isa = PBXBuildFile; fileRef = 601423941CD098FF0089E278 /* Launch Screen.storyboard */; };
		60152007253935EE004894B5 /* SettingsViewController.swift in Sources */ = {isa = PBXBuildFile; fileRef = 60152006253935EE004894B5 /* SettingsViewController.swift */; };
		6015200C25393D30004894B5 /* AppointmentDetailViewController.swift in Sources */ = {isa = PBXBuildFile; fileRef = 6015200B25393D30004894B5 /* AppointmentDetailViewController.swift */; };
		60152018253A63E2004894B5 /* MapViewController.swift in Sources */ = {isa = PBXBuildFile; fileRef = 60152017253A63E2004894B5 /* MapViewController.swift */; };
		6015201E253F2051004894B5 /* AppointmentListViewController.swift in Sources */ = {isa = PBXBuildFile; fileRef = 6015201D253F2051004894B5 /* AppointmentListViewController.swift */; };
		6015202325421721004894B5 /* ContactHandler.swift in Sources */ = {isa = PBXBuildFile; fileRef = 6015202225421721004894B5 /* ContactHandler.swift */; };
		6015202725422AF3004894B5 /* UIViewController+Extensions.swift in Sources */ = {isa = PBXBuildFile; fileRef = 6015202625422AF3004894B5 /* UIViewController+Extensions.swift */; };
		6015202B254664EA004894B5 /* AppointmentListViewControllerDelegate.swift in Sources */ = {isa = PBXBuildFile; fileRef = 6015202A254664EA004894B5 /* AppointmentListViewControllerDelegate.swift */; };
		601520332547AD70004894B5 /* AppointmentStore.swift in Sources */ = {isa = PBXBuildFile; fileRef = 601520322547AD70004894B5 /* AppointmentStore.swift */; };
		605703352537EC3500AA7BF6 /* AppointmentTableViewCell.swift in Sources */ = {isa = PBXBuildFile; fileRef = 605703342537EC3500AA7BF6 /* AppointmentTableViewCell.swift */; };
		605703452538B3C800AA7BF6 /* AppointmentDetailTableViewCell.swift in Sources */ = {isa = PBXBuildFile; fileRef = 605703442538B3C800AA7BF6 /* AppointmentDetailTableViewCell.swift */; };
		605A55A62537B6DF002B29D3 /* SceneDelegate.swift in Sources */ = {isa = PBXBuildFile; fileRef = 605A55A42537B6DF002B29D3 /* SceneDelegate.swift */; };
		605A55D12537B742002B29D3 /* AppDelegate.swift in Sources */ = {isa = PBXBuildFile; fileRef = 605A55D02537B742002B29D3 /* AppDelegate.swift */; };
		605F92C61CCC142B00F4FC1C /* Images.xcassets in Resources */ = {isa = PBXBuildFile; fileRef = 605F92C51CCC142B00F4FC1C /* Images.xcassets */; };
		608999DD2548C4B6008053C6 /* CalendarHandler.swift in Sources */ = {isa = PBXBuildFile; fileRef = 608999DC2548C4B6008053C6 /* CalendarHandler.swift */; };
		608999E32548E690008053C6 /* AppointmentInputViewController.swift in Sources */ = {isa = PBXBuildFile; fileRef = 608999E22548E690008053C6 /* AppointmentInputViewController.swift */; };
		608999E72548F093008053C6 /* AppointmentInputTableViewCell.swift in Sources */ = {isa = PBXBuildFile; fileRef = 608999E62548F093008053C6 /* AppointmentInputTableViewCell.swift */; };
		608A4965254B278000D8E782 /* AppointmentInputTableViewCellDelegate.swift in Sources */ = {isa = PBXBuildFile; fileRef = 608A4964254B278000D8E782 /* AppointmentInputTableViewCellDelegate.swift */; };
		60DAEAFF2547BD8100BAC232 /* Appointment.swift in Sources */ = {isa = PBXBuildFile; fileRef = 6015202D25467D2A004894B5 /* Appointment.swift */; };
		60DAEB022547C92700BAC232 /* AppointmentDetail.swift in Sources */ = {isa = PBXBuildFile; fileRef = 60DAEB012547C92700BAC232 /* AppointmentDetail.swift */; };
		60E5822E25538F9C0074917B /* SettingsViewController+Sections.swift in Sources */ = {isa = PBXBuildFile; fileRef = 60E5822D25538F9C0074917B /* SettingsViewController+Sections.swift */; };
/* End PBXBuildFile section */

/* Begin PBXFileReference section */
		601423811CD098FF0089E278 /* Appointment.xcdatamodel */ = {isa = PBXFileReference; lastKnownFileType = wrapper.xcdatamodel; path = Appointment.xcdatamodel; sourceTree = "<group>"; };
		601423931CD098FF0089E278 /* Info.plist */ = {isa = PBXFileReference; fileEncoding = 4; lastKnownFileType = text.plist.xml; path = Info.plist; sourceTree = "<group>"; };
		601423941CD098FF0089E278 /* Launch Screen.storyboard */ = {isa = PBXFileReference; fileEncoding = 4; lastKnownFileType = file.storyboard; path = "Launch Screen.storyboard"; sourceTree = "<group>"; };
		60152006253935EE004894B5 /* SettingsViewController.swift */ = {isa = PBXFileReference; lastKnownFileType = sourcecode.swift; path = SettingsViewController.swift; sourceTree = "<group>"; };
		6015200B25393D30004894B5 /* AppointmentDetailViewController.swift */ = {isa = PBXFileReference; lastKnownFileType = sourcecode.swift; path = AppointmentDetailViewController.swift; sourceTree = "<group>"; };
		60152017253A63E2004894B5 /* MapViewController.swift */ = {isa = PBXFileReference; lastKnownFileType = sourcecode.swift; path = MapViewController.swift; sourceTree = "<group>"; };
		6015201D253F2051004894B5 /* AppointmentListViewController.swift */ = {isa = PBXFileReference; lastKnownFileType = sourcecode.swift; path = AppointmentListViewController.swift; sourceTree = "<group>"; };
		6015202225421721004894B5 /* ContactHandler.swift */ = {isa = PBXFileReference; lastKnownFileType = sourcecode.swift; path = ContactHandler.swift; sourceTree = "<group>"; };
		6015202625422AF3004894B5 /* UIViewController+Extensions.swift */ = {isa = PBXFileReference; lastKnownFileType = sourcecode.swift; path = "UIViewController+Extensions.swift"; sourceTree = "<group>"; };
		6015202A254664EA004894B5 /* AppointmentListViewControllerDelegate.swift */ = {isa = PBXFileReference; lastKnownFileType = sourcecode.swift; path = AppointmentListViewControllerDelegate.swift; sourceTree = "<group>"; };
		6015202D25467D2A004894B5 /* Appointment.swift */ = {isa = PBXFileReference; lastKnownFileType = sourcecode.swift; path = Appointment.swift; sourceTree = "<group>"; };
		601520322547AD70004894B5 /* AppointmentStore.swift */ = {isa = PBXFileReference; lastKnownFileType = sourcecode.swift; path = AppointmentStore.swift; sourceTree = "<group>"; };
		605703342537EC3500AA7BF6 /* AppointmentTableViewCell.swift */ = {isa = PBXFileReference; lastKnownFileType = sourcecode.swift; path = AppointmentTableViewCell.swift; sourceTree = "<group>"; };
		605703442538B3C800AA7BF6 /* AppointmentDetailTableViewCell.swift */ = {isa = PBXFileReference; lastKnownFileType = sourcecode.swift; path = AppointmentDetailTableViewCell.swift; sourceTree = "<group>"; };
		605A55A42537B6DF002B29D3 /* SceneDelegate.swift */ = {isa = PBXFileReference; fileEncoding = 4; lastKnownFileType = sourcecode.swift; path = SceneDelegate.swift; sourceTree = "<group>"; };
		605A55D02537B742002B29D3 /* AppDelegate.swift */ = {isa = PBXFileReference; fileEncoding = 4; lastKnownFileType = sourcecode.swift; path = AppDelegate.swift; sourceTree = "<group>"; };
		605F92C51CCC142B00F4FC1C /* Images.xcassets */ = {isa = PBXFileReference; lastKnownFileType = folder.assetcatalog; path = Images.xcassets; sourceTree = "<group>"; };
		608999DC2548C4B6008053C6 /* CalendarHandler.swift */ = {isa = PBXFileReference; lastKnownFileType = sourcecode.swift; path = CalendarHandler.swift; sourceTree = "<group>"; };
		608999E22548E690008053C6 /* AppointmentInputViewController.swift */ = {isa = PBXFileReference; lastKnownFileType = sourcecode.swift; path = AppointmentInputViewController.swift; sourceTree = "<group>"; };
		608999E62548F093008053C6 /* AppointmentInputTableViewCell.swift */ = {isa = PBXFileReference; lastKnownFileType = sourcecode.swift; path = AppointmentInputTableViewCell.swift; sourceTree = "<group>"; };
		608A4964254B278000D8E782 /* AppointmentInputTableViewCellDelegate.swift */ = {isa = PBXFileReference; lastKnownFileType = sourcecode.swift; path = AppointmentInputTableViewCellDelegate.swift; sourceTree = "<group>"; };
		60DAEB012547C92700BAC232 /* AppointmentDetail.swift */ = {isa = PBXFileReference; lastKnownFileType = sourcecode.swift; path = AppointmentDetail.swift; sourceTree = "<group>"; };
		60E5822D25538F9C0074917B /* SettingsViewController+Sections.swift */ = {isa = PBXFileReference; lastKnownFileType = sourcecode.swift; path = "SettingsViewController+Sections.swift"; sourceTree = "<group>"; };
		BE4E18E3140D9EB80007F01B /* Appointment.app */ = {isa = PBXFileReference; explicitFileType = wrapper.application; includeInIndex = 0; path = Appointment.app; sourceTree = BUILT_PRODUCTS_DIR; };
/* End PBXFileReference section */

/* Begin PBXFrameworksBuildPhase section */
		BE4E18E0140D9EB80007F01B /* Frameworks */ = {
			isa = PBXFrameworksBuildPhase;
			buildActionMask = 2147483647;
			files = (
			);
			runOnlyForDeploymentPostprocessing = 0;
		};
/* End PBXFrameworksBuildPhase section */

/* Begin PBXGroup section */
		60E58221254B7E1A0074917B /* Protocols */ = {
			isa = PBXGroup;
			children = (
				608A4964254B278000D8E782 /* AppointmentInputTableViewCellDelegate.swift */,
				6015202A254664EA004894B5 /* AppointmentListViewControllerDelegate.swift */,
			);
			path = Protocols;
			sourceTree = "<group>";
		};
		60E58223254B7E420074917B /* Views */ = {
			isa = PBXGroup;
			children = (
				60DAEB012547C92700BAC232 /* AppointmentDetail.swift */,
				605703442538B3C800AA7BF6 /* AppointmentDetailTableViewCell.swift */,
				608999E62548F093008053C6 /* AppointmentInputTableViewCell.swift */,
				605703342537EC3500AA7BF6 /* AppointmentTableViewCell.swift */,
			);
			path = Views;
			sourceTree = "<group>";
		};
		60E58224254B7E530074917B /* Controllers */ = {
			isa = PBXGroup;
			children = (
				6015200B25393D30004894B5 /* AppointmentDetailViewController.swift */,
				608999E22548E690008053C6 /* AppointmentInputViewController.swift */,
				6015201D253F2051004894B5 /* AppointmentListViewController.swift */,
				60152017253A63E2004894B5 /* MapViewController.swift */,
				60152006253935EE004894B5 /* SettingsViewController.swift */,
				60E5822D25538F9C0074917B /* SettingsViewController+Sections.swift */,
			);
			path = Controllers;
			sourceTree = "<group>";
		};
		60E58225254B7E700074917B /* Extensions */ = {
			isa = PBXGroup;
			children = (
				6015202625422AF3004894B5 /* UIViewController+Extensions.swift */,
			);
			path = Extensions;
			sourceTree = "<group>";
		};
		60E58226254B7E7C0074917B /* Core */ = {
			isa = PBXGroup;
			children = (
				601423941CD098FF0089E278 /* Launch Screen.storyboard */,
				601423931CD098FF0089E278 /* Info.plist */,
				605A55D02537B742002B29D3 /* AppDelegate.swift */,
				605A55A42537B6DF002B29D3 /* SceneDelegate.swift */,
			);
			path = Core;
			sourceTree = "<group>";
		};
		60E58227254B7E910074917B /* Assets */ = {
			isa = PBXGroup;
			children = (
				605F92C51CCC142B00F4FC1C /* Images.xcassets */,
			);
			path = Assets;
			sourceTree = "<group>";
		};
		60E58228254B7E9E0074917B /* Models */ = {
			isa = PBXGroup;
			children = (
				6015202D25467D2A004894B5 /* Appointment.swift */,
				601520322547AD70004894B5 /* AppointmentStore.swift */,
				601423811CD098FF0089E278 /* Appointment.xcdatamodel */,
			);
			path = Models;
			sourceTree = "<group>";
		};
		60E58229254B7EBB0074917B /* Helpers */ = {
			isa = PBXGroup;
			children = (
				608999DC2548C4B6008053C6 /* CalendarHandler.swift */,
				6015202225421721004894B5 /* ContactHandler.swift */,
			);
			path = Helpers;
			sourceTree = "<group>";
		};
		BE4E18D8140D9EB80007F01B = {
			isa = PBXGroup;
			children = (
				BE4E18EB140D9EB80007F01B /* Appointment */,
				BE4E18E4140D9EB80007F01B /* Products */,
			);
			sourceTree = "<group>";
		};
		BE4E18E4140D9EB80007F01B /* Products */ = {
			isa = PBXGroup;
			children = (
				BE4E18E3140D9EB80007F01B /* Appointment.app */,
			);
			name = Products;
			sourceTree = "<group>";
		};
		BE4E18EB140D9EB80007F01B /* Appointment */ = {
			isa = PBXGroup;
			children = (
				60E58226254B7E7C0074917B /* Core */,
				60E58227254B7E910074917B /* Assets */,
				60E58228254B7E9E0074917B /* Models */,
				60E58223254B7E420074917B /* Views */,
				60E58221254B7E1A0074917B /* Protocols */,
				60E58224254B7E530074917B /* Controllers */,
				60E58225254B7E700074917B /* Extensions */,
				60E58229254B7EBB0074917B /* Helpers */,
			);
			path = Appointment;
			sourceTree = "<group>";
		};
/* End PBXGroup section */

/* Begin PBXNativeTarget section */
		BE4E18E2140D9EB80007F01B /* Appointment */ = {
			isa = PBXNativeTarget;
			buildConfigurationList = BE4E18F9140D9EB80007F01B /* Build configuration list for PBXNativeTarget "Appointment" */;
			buildPhases = (
				BE4E18DF140D9EB80007F01B /* Sources */,
				BE4E18E0140D9EB80007F01B /* Frameworks */,
				BE4E18E1140D9EB80007F01B /* Resources */,
				6015200F253950EB004894B5 /* Swiftlint */,
			);
			buildRules = (
			);
			dependencies = (
			);
			name = Appointment;
			productName = Appointment;
			productReference = BE4E18E3140D9EB80007F01B /* Appointment.app */;
			productType = "com.apple.product-type.application";
		};
/* End PBXNativeTarget section */

/* Begin PBXProject section */
		BE4E18DA140D9EB80007F01B /* Project object */ = {
			isa = PBXProject;
			attributes = {
				CLASSPREFIX = "";
				LastUpgradeCheck = 1220;
				ORGANIZATIONNAME = "Jeff Moran";
				TargetAttributes = {
					BE4E18E2140D9EB80007F01B = {
						LastSwiftMigration = 1220;
						SystemCapabilities = {
							com.apple.InAppPurchase = {
								enabled = 0;
							};
						};
					};
				};
			};
			buildConfigurationList = BE4E18DD140D9EB80007F01B /* Build configuration list for PBXProject "Appointment" */;
			compatibilityVersion = "Xcode 8.0";
			developmentRegion = English;
			hasScannedForEncodings = 0;
			knownRegions = (
				English,
				en,
			);
			mainGroup = BE4E18D8140D9EB80007F01B;
			productRefGroup = BE4E18E4140D9EB80007F01B /* Products */;
			projectDirPath = "";
			projectRoot = "";
			targets = (
				BE4E18E2140D9EB80007F01B /* Appointment */,
			);
		};
/* End PBXProject section */

/* Begin PBXResourcesBuildPhase section */
		BE4E18E1140D9EB80007F01B /* Resources */ = {
			isa = PBXResourcesBuildPhase;
			buildActionMask = 2147483647;
			files = (
				601423A81CD098FF0089E278 /* Launch Screen.storyboard in Resources */,
				605F92C61CCC142B00F4FC1C /* Images.xcassets in Resources */,
			);
			runOnlyForDeploymentPostprocessing = 0;
		};
/* End PBXResourcesBuildPhase section */

/* Begin PBXShellScriptBuildPhase section */
		6015200F253950EB004894B5 /* Swiftlint */ = {
			isa = PBXShellScriptBuildPhase;
			buildActionMask = 2147483647;
			files = (
			);
			inputFileListPaths = (
			);
			inputPaths = (
			);
			name = Swiftlint;
			outputFileListPaths = (
			);
			outputPaths = (
			);
			runOnlyForDeploymentPostprocessing = 0;
			shellPath = /bin/sh;
			shellScript = "if which swiftlint >/dev/null; then\n  swiftlint\nelse\n  echo \"warning: SwiftLint not installed, download from https://github.com/realm/SwiftLint\"\nfi\n";
		};
/* End PBXShellScriptBuildPhase section */

/* Begin PBXSourcesBuildPhase section */
		BE4E18DF140D9EB80007F01B /* Sources */ = {
			isa = PBXSourcesBuildPhase;
			buildActionMask = 2147483647;
			files = (
				6015200C25393D30004894B5 /* AppointmentDetailViewController.swift in Sources */,
				608999E32548E690008053C6 /* AppointmentInputViewController.swift in Sources */,
				605703452538B3C800AA7BF6 /* AppointmentDetailTableViewCell.swift in Sources */,
				601520332547AD70004894B5 /* AppointmentStore.swift in Sources */,
				60152007253935EE004894B5 /* SettingsViewController.swift in Sources */,
				60E5822E25538F9C0074917B /* SettingsViewController+Sections.swift in Sources */,
				6015201E253F2051004894B5 /* AppointmentListViewController.swift in Sources */,
				6015202B254664EA004894B5 /* AppointmentListViewControllerDelegate.swift in Sources */,
				6014239C1CD098FF0089E278 /* Appointment.xcdatamodel in Sources */,
				6015202325421721004894B5 /* ContactHandler.swift in Sources */,
				605A55A62537B6DF002B29D3 /* SceneDelegate.swift in Sources */,
				605703352537EC3500AA7BF6 /* AppointmentTableViewCell.swift in Sources */,
				60DAEB022547C92700BAC232 /* AppointmentDetail.swift in Sources */,
				6015202725422AF3004894B5 /* UIViewController+Extensions.swift in Sources */,
				605A55D12537B742002B29D3 /* AppDelegate.swift in Sources */,
				608A4965254B278000D8E782 /* AppointmentInputTableViewCellDelegate.swift in Sources */,
				60DAEAFF2547BD8100BAC232 /* Appointment.swift in Sources */,
				608999E72548F093008053C6 /* AppointmentInputTableViewCell.swift in Sources */,
				608999DD2548C4B6008053C6 /* CalendarHandler.swift in Sources */,
				60152018253A63E2004894B5 /* MapViewController.swift in Sources */,
			);
			runOnlyForDeploymentPostprocessing = 0;
		};
/* End PBXSourcesBuildPhase section */

/* Begin XCBuildConfiguration section */
		BE4E18F7140D9EB80007F01B /* Debug */ = {
			isa = XCBuildConfiguration;
			buildSettings = {
				ALWAYS_SEARCH_USER_PATHS = NO;
				CLANG_ANALYZER_LOCALIZABILITY_NONLOCALIZED = YES;
				CLANG_ENABLE_OBJC_ARC = YES;
				CLANG_WARN_BLOCK_CAPTURE_AUTORELEASING = YES;
				CLANG_WARN_BOOL_CONVERSION = YES;
				CLANG_WARN_COMMA = YES;
				CLANG_WARN_CONSTANT_CONVERSION = YES;
				CLANG_WARN_DEPRECATED_OBJC_IMPLEMENTATIONS = YES;
				CLANG_WARN_EMPTY_BODY = YES;
				CLANG_WARN_ENUM_CONVERSION = YES;
				CLANG_WARN_INFINITE_RECURSION = YES;
				CLANG_WARN_INT_CONVERSION = YES;
				CLANG_WARN_NON_LITERAL_NULL_CONVERSION = YES;
				CLANG_WARN_OBJC_IMPLICIT_RETAIN_SELF = YES;
				CLANG_WARN_OBJC_LITERAL_CONVERSION = YES;
				CLANG_WARN_QUOTED_INCLUDE_IN_FRAMEWORK_HEADER = YES;
				CLANG_WARN_RANGE_LOOP_ANALYSIS = YES;
				CLANG_WARN_STRICT_PROTOTYPES = YES;
				CLANG_WARN_SUSPICIOUS_MOVE = YES;
				CLANG_WARN_UNREACHABLE_CODE = YES;
				CLANG_WARN__DUPLICATE_METHOD_MATCH = YES;
				"CODE_SIGN_IDENTITY[sdk=iphoneos*]" = "iPhone Developer";
				COPY_PHASE_STRIP = NO;
				ENABLE_STRICT_OBJC_MSGSEND = YES;
				ENABLE_TESTABILITY = YES;
				GCC_C_LANGUAGE_STANDARD = gnu99;
				GCC_NO_COMMON_BLOCKS = YES;
				GCC_OPTIMIZATION_LEVEL = 0;
				GCC_PREPROCESSOR_DEFINITIONS = (
					"DEBUG=1",
					"$(inherited)",
				);
				GCC_WARN_64_TO_32_BIT_CONVERSION = YES;
				GCC_WARN_ABOUT_MISSING_PROTOTYPES = YES;
				GCC_WARN_ABOUT_RETURN_TYPE = YES;
				GCC_WARN_UNDECLARED_SELECTOR = YES;
				GCC_WARN_UNINITIALIZED_AUTOS = YES;
				GCC_WARN_UNUSED_FUNCTION = YES;
				GCC_WARN_UNUSED_VARIABLE = YES;
				IPHONEOS_DEPLOYMENT_TARGET = 14.0;
				ONLY_ACTIVE_ARCH = YES;
				SDKROOT = iphoneos;
			};
			name = Debug;
		};
		BE4E18F8140D9EB80007F01B /* Release */ = {
			isa = XCBuildConfiguration;
			buildSettings = {
				ALWAYS_SEARCH_USER_PATHS = NO;
				CLANG_ANALYZER_LOCALIZABILITY_NONLOCALIZED = YES;
				CLANG_ENABLE_OBJC_ARC = YES;
				CLANG_WARN_BLOCK_CAPTURE_AUTORELEASING = YES;
				CLANG_WARN_BOOL_CONVERSION = YES;
				CLANG_WARN_COMMA = YES;
				CLANG_WARN_CONSTANT_CONVERSION = YES;
				CLANG_WARN_DEPRECATED_OBJC_IMPLEMENTATIONS = YES;
				CLANG_WARN_EMPTY_BODY = YES;
				CLANG_WARN_ENUM_CONVERSION = YES;
				CLANG_WARN_INFINITE_RECURSION = YES;
				CLANG_WARN_INT_CONVERSION = YES;
				CLANG_WARN_NON_LITERAL_NULL_CONVERSION = YES;
				CLANG_WARN_OBJC_IMPLICIT_RETAIN_SELF = YES;
				CLANG_WARN_OBJC_LITERAL_CONVERSION = YES;
				CLANG_WARN_QUOTED_INCLUDE_IN_FRAMEWORK_HEADER = YES;
				CLANG_WARN_RANGE_LOOP_ANALYSIS = YES;
				CLANG_WARN_STRICT_PROTOTYPES = YES;
				CLANG_WARN_SUSPICIOUS_MOVE = YES;
				CLANG_WARN_UNREACHABLE_CODE = YES;
				CLANG_WARN__DUPLICATE_METHOD_MATCH = YES;
				"CODE_SIGN_IDENTITY[sdk=iphoneos*]" = "iPhone Developer";
				ENABLE_STRICT_OBJC_MSGSEND = YES;
				GCC_C_LANGUAGE_STANDARD = gnu99;
				GCC_NO_COMMON_BLOCKS = YES;
				GCC_WARN_64_TO_32_BIT_CONVERSION = YES;
				GCC_WARN_ABOUT_MISSING_PROTOTYPES = YES;
				GCC_WARN_ABOUT_RETURN_TYPE = YES;
				GCC_WARN_UNDECLARED_SELECTOR = YES;
				GCC_WARN_UNINITIALIZED_AUTOS = YES;
				GCC_WARN_UNUSED_FUNCTION = YES;
				GCC_WARN_UNUSED_VARIABLE = YES;
				IPHONEOS_DEPLOYMENT_TARGET = 14.0;
				OTHER_CFLAGS = "-DNS_BLOCK_ASSERTIONS=1";
				SDKROOT = iphoneos;
				VALIDATE_PRODUCT = YES;
			};
			name = Release;
		};
		BE4E18FA140D9EB80007F01B /* Debug */ = {
			isa = XCBuildConfiguration;
			buildSettings = {
				ASSETCATALOG_COMPILER_APPICON_NAME = AppIcon;
				CLANG_ENABLE_MODULES = YES;
				CODE_SIGN_IDENTITY = "iPhone Developer";
				"CODE_SIGN_IDENTITY[sdk=iphoneos*]" = "iPhone Developer";
				DEVELOPMENT_TEAM = TR5WFN5468;
				GCC_PRECOMPILE_PREFIX_HEADER = YES;
				GCC_VERSION = "";
				INFOPLIST_FILE = Appointment/Core/Info.plist;
				LD_RUNPATH_SEARCH_PATHS = "$(inherited) @executable_path/Frameworks";
				PRODUCT_BUNDLE_IDENTIFIER = com.jeffreymoran.Appointment;
				PRODUCT_NAME = Appointment;
				SDKROOT = iphoneos;
				SWIFT_OPTIMIZATION_LEVEL = "-Onone";
				SWIFT_VERSION = 5.0;
				TARGETED_DEVICE_FAMILY = 1;
				WRAPPER_EXTENSION = app;
			};
			name = Debug;
		};
		BE4E18FB140D9EB80007F01B /* Release */ = {
			isa = XCBuildConfiguration;
			buildSettings = {
				ASSETCATALOG_COMPILER_APPICON_NAME = AppIcon;
				CLANG_ENABLE_MODULES = YES;
				CODE_SIGN_IDENTITY = "iPhone Developer";
				"CODE_SIGN_IDENTITY[sdk=iphoneos*]" = "iPhone Developer";
				DEVELOPMENT_TEAM = TR5WFN5468;
				GCC_PRECOMPILE_PREFIX_HEADER = YES;
				GCC_VERSION = "";
				INFOPLIST_FILE = Appointment/Core/Info.plist;
				LD_RUNPATH_SEARCH_PATHS = "$(inherited) @executable_path/Frameworks";
				PRODUCT_BUNDLE_IDENTIFIER = com.jeffreymoran.Appointment;
				PRODUCT_NAME = Appointment;
				SDKROOT = iphoneos;
				SWIFT_VERSION = 5.0;
				TARGETED_DEVICE_FAMILY = 1;
				WRAPPER_EXTENSION = app;
			};
			name = Release;
		};
/* End XCBuildConfiguration section */

/* Begin XCConfigurationList section */
		BE4E18DD140D9EB80007F01B /* Build configuration list for PBXProject "Appointment" */ = {
			isa = XCConfigurationList;
			buildConfigurations = (
				BE4E18F7140D9EB80007F01B /* Debug */,
				BE4E18F8140D9EB80007F01B /* Release */,
			);
			defaultConfigurationIsVisible = 0;
			defaultConfigurationName = Release;
		};
		BE4E18F9140D9EB80007F01B /* Build configuration list for PBXNativeTarget "Appointment" */ = {
			isa = XCConfigurationList;
			buildConfigurations = (
				BE4E18FA140D9EB80007F01B /* Debug */,
				BE4E18FB140D9EB80007F01B /* Release */,
			);
			defaultConfigurationIsVisible = 0;
			defaultConfigurationName = Release;
		};
/* End XCConfigurationList section */
	};
	rootObject = BE4E18DA140D9EB80007F01B /* Project object */;
}
